// !$*UTF8*$!
{
	archiveVersion = 1;
	classes = {
	};
	objectVersion = 46;
	objects = {

/* Begin PBXBuildFile section */
		BD3CEADC1956318A00B87260 /* main.m in Sources */ = {isa = PBXBuildFile; fileRef = BD3CEADB1956318A00B87260 /* main.m */; };
		BD3CEAE41956319400B87260 /* Fraction.m in Sources */ = {isa = PBXBuildFile; fileRef = BD3CEAE31956319400B87260 /* Fraction.m */; };
/* End PBXBuildFile section */

/* Begin PBXCopyFilesBuildPhase section */
		BD3CEAD61956318A00B87260 /* CopyFiles */ = {
			isa = PBXCopyFilesBuildPhase;
			buildActionMask = 2147483647;
			dstPath = /usr/share/man/man1/;
			dstSubfolderSpec = 0;
			files = (
			);
			runOnlyForDeploymentPostprocessing = 1;
		};
/* End PBXCopyFilesBuildPhase section */

/* Begin PBXFileReference section */
		BD3CEAD81956318A00B87260 /* Program 10.2 */ = {isa = PBXFileReference; explicitFileType = "compiled.mach-o.executable"; includeInIndex = 0; path = "Program 10.2"; sourceTree = BUILT_PRODUCTS_DIR; };
		BD3CEADB1956318A00B87260 /* main.m */ = {isa = PBXFileReference; lastKnownFileType = sourcecode.c.objc; path = main.m; sourceTree = "<group>"; };
		BD3CEAE21956319400B87260 /* Fraction.h */ = {isa = PBXFileReference; fileEncoding = 4; lastKnownFileType = sourcecode.c.h; path = Fraction.h; sourceTree = "<group>"; };
		BD3CEAE31956319400B87260 /* Fraction.m */ = {isa = PBXFileReference; fileEncoding = 4; lastKnownFileType = sourcecode.c.objc; path = Fraction.m; sourceTree = "<group>"; };
/* End PBXFileReference section */

/* Begin PBXFrameworksBuildPhase section */
		BD3CEAD51956318A00B87260 /* Frameworks */ = {
			isa = PBXFrameworksBuildPhase;
			buildActionMask = 2147483647;
			files = (
			);
			runOnlyForDeploymentPostprocessing = 0;
		};
/* End PBXFrameworksBuildPhase section */

/* Begin PBXGroup section */
		BD3CEACF1956318A00B87260 = {
			isa = PBXGroup;
			children = (
				BD3CEADA1956318A00B87260 /* Program 10.2 */,
				BD3CEAD91956318A00B87260 /* Products */,
			);
			sourceTree = "<group>";
		};
		BD3CEAD91956318A00B87260 /* Products */ = {
			isa = PBXGroup;
			children = (
				BD3CEAD81956318A00B87260 /* Program 10.2 */,
			);
			name = Products;
			sourceTree = "<group>";
		};
		BD3CEADA1956318A00B87260 /* Program 10.2 */ = {
			isa = PBXGroup;
			children = (
				BD3CEADB1956318A00B87260 /* main.m */,
				BD3CEAE21956319400B87260 /* Fraction.h */,
				BD3CEAE31956319400B87260 /* Fraction.m */,
			);
			path = "Program 10.2";
			sourceTree = "<group>";
		};
/* End PBXGroup section */

/* Begin PBXNativeTarget section */
		BD3CEAD71956318A00B87260 /* Program 10.2 */ = {
			isa = PBXNativeTarget;
			buildConfigurationList = BD3CEADF1956318A00B87260 /* Build configuration list for PBXNativeTarget "Program 10.2" */;
			buildPhases = (
				BD3CEAD41956318A00B87260 /* Sources */,
				BD3CEAD51956318A00B87260 /* Frameworks */,
				BD3CEAD61956318A00B87260 /* CopyFiles */,
			);
			buildRules = (
			);
			dependencies = (
			);
			name = "Program 10.2";
			productName = "Program 10.2";
			productReference = BD3CEAD81956318A00B87260 /* Program 10.2 */;
			productType = "com.apple.product-type.tool";
		};
/* End PBXNativeTarget section */

/* Begin PBXProject section */
		BD3CEAD01956318A00B87260 /* Project object */ = {
			isa = PBXProject;
			attributes = {
				LastUpgradeCheck = 0600;
				ORGANIZATIONNAME = "Michał Listowski";
				TargetAttributes = {
					BD3CEAD71956318A00B87260 = {
						CreatedOnToolsVersion = 6.0;
					};
				};
			};
			buildConfigurationList = BD3CEAD31956318A00B87260 /* Build configuration list for PBXProject "Program 10.2" */;
			compatibilityVersion = "Xcode 3.2";
			developmentRegion = English;
			hasScannedForEncodings = 0;
			knownRegions = (
				en,
			);
			mainGroup = BD3CEACF1956318A00B87260;
			productRefGroup = BD3CEAD91956318A00B87260 /* Products */;
			projectDirPath = "";
			projectRoot = "";
			targets = (
				BD3CEAD71956318A00B87260 /* Program 10.2 */,
			);
		};
/* End PBXProject section */

/* Begin PBXSourcesBuildPhase section */
		BD3CEAD41956318A00B87260 /* Sources */ = {
			isa = PBXSourcesBuildPhase;
			buildActionMask = 2147483647;
			files = (
				BD3CEADC1956318A00B87260 /* main.m in Sources */,
				BD3CEAE41956319400B87260 /* Fraction.m in Sources */,
			);
			runOnlyForDeploymentPostprocessing = 0;
		};
/* End PBXSourcesBuildPhase section */

/* Begin XCBuildConfiguration section */
		BD3CEADD1956318A00B87260 /* Debug */ = {
			isa = XCBuildConfiguration;
			buildSettings = {
				ALWAYS_SEARCH_USER_PATHS = NO;
				CLANG_CXX_LANGUAGE_STANDARD = "gnu++0x";
				CLANG_CXX_LIBRARY = "libc++";
				CLANG_ENABLE_MODULES = YES;
				CLANG_ENABLE_OBJC_ARC = YES;
				CLANG_WARN_BOOL_CONVERSION = YES;
				CLANG_WARN_CONSTANT_CONVERSION = YES;
				CLANG_WARN_DIRECT_OBJC_ISA_USAGE = YES_ERROR;
				CLANG_WARN_EMPTY_BODY = YES;
				CLANG_WARN_ENUM_CONVERSION = YES;
				CLANG_WARN_INT_CONVERSION = YES;
				CLANG_WARN_OBJC_ROOT_CLASS = YES_ERROR;
				CLANG_WARN_UNREACHABLE_CODE = YES;
				CLANG_WARN__DUPLICATE_METHOD_MATCH = YES;
				COPY_PHASE_STRIP = NO;
				ENABLE_STRICT_OBJC_MSGSEND = YES;
				GCC_C_LANGUAGE_STANDARD = gnu99;
				GCC_DYNAMIC_NO_PIC = NO;
				GCC_OPTIMIZATION_LEVEL = 0;
				GCC_PREPROCESSOR_DEFINITIONS = (
					"DEBUG=1",
					"$(inherited)",
				);
				GCC_SYMBOLS_PRIVATE_EXTERN = NO;
				GCC_WARN_64_TO_32_BIT_CONVERSION = YES;
				GCC_WARN_ABOUT_RETURN_TYPE = YES_ERROR;
				GCC_WARN_UNDECLARED_SELECTOR = YES;
				GCC_WARN_UNINITIALIZED_AUTOS = YES_AGGRESSIVE;
				GCC_WARN_UNUSED_FUNCTION = YES;
				GCC_WARN_UNUSED_VARIABLE = YES;
				MACOSX_DEPLOYMENT_TARGET = 10.9;
				METAL_ENABLE_DEBUG_INFO = YES;
				ONLY_ACTIVE_ARCH = YES;
				SDKROOT = macosx;
			};
			name = Debug;
		};
		BD3CEADE1956318A00B87260 /* Release */ = {
			isa = XCBuildConfiguration;
			buildSettings = {
				ALWAYS_SEARCH_USER_PATHS = NO;
				CLANG_CXX_LANGUAGE_STANDARD = "gnu++0x";
				CLANG_CXX_LIBRARY = "libc++";
				CLANG_ENABLE_MODULES = YES;
				CLANG_ENABLE_OBJC_ARC = YES;
				CLANG_WARN_BOOL_CONVERSION = YES;
				CLANG_WARN_CONSTANT_CONVERSION = YES;
				CLANG_WARN_DIRECT_OBJC_ISA_USAGE = YES_ERROR;
				CLANG_WARN_EMPTY_BODY = YES;
				CLANG_WARN_ENUM_CONVERSION = YES;
				CLANG_WARN_INT_CONVERSION = YES;
				CLANG_WARN_OBJC_ROOT_CLASS = YES_ERROR;
				CLANG_WARN_UNREACHABLE_CODE = YES;
				CLANG_WARN__DUPLICATE_METHOD_MATCH = YES;
				COPY_PHASE_STRIP = YES;
				DEBUG_INFORMATION_FORMAT = "dwarf-with-dsym";
				ENABLE_NS_ASSERTIONS = NO;
				ENABLE_STRICT_OBJC_MSGSEND = YES;
				GCC_C_LANGUAGE_STANDARD = gnu99;
				GCC_WARN_64_TO_32_BIT_CONVERSION = YES;
				GCC_WARN_ABOUT_RETURN_TYPE = YES_ERROR;
				GCC_WARN_UNDECLARED_SELECTOR = YES;
				GCC_WARN_UNINITIALIZED_AUTOS = YES_AGGRESSIVE;
				GCC_WARN_UNUSED_FUNCTION = YES;
				GCC_WARN_UNUSED_VARIABLE = YES;
				MACOSX_DEPLOYMENT_TARGET = 10.9;
				METAL_ENABLE_DEBUG_INFO = NO;
				SDKROOT = macosx;
			};
			name = Release;
		};
		BD3CEAE01956318A00B87260 /* Debug */ = {
			isa = XCBuildConfiguration;
			buildSettings = {
				PRODUCT_NAME = "$(TARGET_NAME)";
			};
			name = Debug;
		};
		BD3CEAE11956318A00B87260 /* Release */ = {
			isa = XCBuildConfiguration;
			buildSettings = {
				PRODUCT_NAME = "$(TARGET_NAME)";
			};
			name = Release;
		};
/* End XCBuildConfiguration section */

/* Begin XCConfigurationList section */
		BD3CEAD31956318A00B87260 /* Build configuration list for PBXProject "Program 10.2" */ = {
			isa = XCConfigurationList;
			buildConfigurations = (
				BD3CEADD1956318A00B87260 /* Debug */,
				BD3CEADE1956318A00B87260 /* Release */,
			);
			defaultConfigurationIsVisible = 0;
			defaultConfigurationName = Release;
		};
		BD3CEADF1956318A00B87260 /* Build configuration list for PBXNativeTarget "Program 10.2" */ = {
			isa = XCConfigurationList;
			buildConfigurations = (
				BD3CEAE01956318A00B87260 /* Debug */,
				BD3CEAE11956318A00B87260 /* Release */,
			);
			defaultConfigurationIsVisible = 0;
		};
/* End XCConfigurationList section */
	};
	rootObject = BD3CEAD01956318A00B87260 /* Project object */;
}
