// !$*UTF8*$!
{
	archiveVersion = 1;
	classes = {
	};
	objectVersion = 46;
	objects = {

/* Begin PBXBuildFile section */
		BD27F9C919AA7052003CA55D /* main.m in Sources */ = {isa = PBXBuildFile; fileRef = BD27F9C819AA7052003CA55D /* main.m */; };
		BD27F9D119AA70B1003CA55D /* NSString+TempFiles.m in Sources */ = {isa = PBXBuildFile; fileRef = BD27F9D019AA70B1003CA55D /* NSString+TempFiles.m */; };
/* End PBXBuildFile section */

/* Begin PBXCopyFilesBuildPhase section */
		BD27F9C319AA7052003CA55D /* CopyFiles */ = {
			isa = PBXCopyFilesBuildPhase;
			buildActionMask = 2147483647;
			dstPath = /usr/share/man/man1/;
			dstSubfolderSpec = 0;
			files = (
			);
			runOnlyForDeploymentPostprocessing = 1;
		};
/* End PBXCopyFilesBuildPhase section */

/* Begin PBXFileReference section */
		BD27F9C519AA7052003CA55D /* Exercise 16.5 */ = {isa = PBXFileReference; explicitFileType = "compiled.mach-o.executable"; includeInIndex = 0; path = "Exercise 16.5"; sourceTree = BUILT_PRODUCTS_DIR; };
		BD27F9C819AA7052003CA55D /* main.m */ = {isa = PBXFileReference; lastKnownFileType = sourcecode.c.objc; path = main.m; sourceTree = "<group>"; };
		BD27F9CF19AA709C003CA55D /* NSString+TempFiles.h */ = {isa = PBXFileReference; fileEncoding = 4; lastKnownFileType = sourcecode.c.h; path = "NSString+TempFiles.h"; sourceTree = "<group>"; };
		BD27F9D019AA70B1003CA55D /* NSString+TempFiles.m */ = {isa = PBXFileReference; fileEncoding = 4; lastKnownFileType = sourcecode.c.objc; path = "NSString+TempFiles.m"; sourceTree = "<group>"; };
/* End PBXFileReference section */

/* Begin PBXFrameworksBuildPhase section */
		BD27F9C219AA7052003CA55D /* Frameworks */ = {
			isa = PBXFrameworksBuildPhase;
			buildActionMask = 2147483647;
			files = (
			);
			runOnlyForDeploymentPostprocessing = 0;
		};
/* End PBXFrameworksBuildPhase section */

/* Begin PBXGroup section */
		BD27F9BC19AA7052003CA55D = {
			isa = PBXGroup;
			children = (
				BD27F9C719AA7052003CA55D /* Exercise 16.5 */,
				BD27F9C619AA7052003CA55D /* Products */,
			);
			sourceTree = "<group>";
		};
		BD27F9C619AA7052003CA55D /* Products */ = {
			isa = PBXGroup;
			children = (
				BD27F9C519AA7052003CA55D /* Exercise 16.5 */,
			);
			name = Products;
			sourceTree = "<group>";
		};
		BD27F9C719AA7052003CA55D /* Exercise 16.5 */ = {
			isa = PBXGroup;
			children = (
				BD27F9C819AA7052003CA55D /* main.m */,
				BD27F9CF19AA709C003CA55D /* NSString+TempFiles.h */,
				BD27F9D019AA70B1003CA55D /* NSString+TempFiles.m */,
			);
			path = "Exercise 16.5";
			sourceTree = "<group>";
		};
/* End PBXGroup section */

/* Begin PBXNativeTarget section */
		BD27F9C419AA7052003CA55D /* Exercise 16.5 */ = {
			isa = PBXNativeTarget;
			buildConfigurationList = BD27F9CC19AA7052003CA55D /* Build configuration list for PBXNativeTarget "Exercise 16.5" */;
			buildPhases = (
				BD27F9C119AA7052003CA55D /* Sources */,
				BD27F9C219AA7052003CA55D /* Frameworks */,
				BD27F9C319AA7052003CA55D /* CopyFiles */,
			);
			buildRules = (
			);
			dependencies = (
			);
			name = "Exercise 16.5";
			productName = "Exercise 16.5";
			productReference = BD27F9C519AA7052003CA55D /* Exercise 16.5 */;
			productType = "com.apple.product-type.tool";
		};
/* End PBXNativeTarget section */

/* Begin PBXProject section */
		BD27F9BD19AA7052003CA55D /* Project object */ = {
			isa = PBXProject;
			attributes = {
				LastUpgradeCheck = 0600;
				ORGANIZATIONNAME = "Michał Listowski";
				TargetAttributes = {
					BD27F9C419AA7052003CA55D = {
						CreatedOnToolsVersion = 6.0;
					};
				};
			};
			buildConfigurationList = BD27F9C019AA7052003CA55D /* Build configuration list for PBXProject "Exercise 16.5" */;
			compatibilityVersion = "Xcode 3.2";
			developmentRegion = English;
			hasScannedForEncodings = 0;
			knownRegions = (
				en,
			);
			mainGroup = BD27F9BC19AA7052003CA55D;
			productRefGroup = BD27F9C619AA7052003CA55D /* Products */;
			projectDirPath = "";
			projectRoot = "";
			targets = (
				BD27F9C419AA7052003CA55D /* Exercise 16.5 */,
			);
		};
/* End PBXProject section */

/* Begin PBXSourcesBuildPhase section */
		BD27F9C119AA7052003CA55D /* Sources */ = {
			isa = PBXSourcesBuildPhase;
			buildActionMask = 2147483647;
			files = (
				BD27F9C919AA7052003CA55D /* main.m in Sources */,
				BD27F9D119AA70B1003CA55D /* NSString+TempFiles.m in Sources */,
			);
			runOnlyForDeploymentPostprocessing = 0;
		};
/* End PBXSourcesBuildPhase section */

/* Begin XCBuildConfiguration section */
		BD27F9CA19AA7052003CA55D /* Debug */ = {
			isa = XCBuildConfiguration;
			buildSettings = {
				ALWAYS_SEARCH_USER_PATHS = NO;
				CLANG_CXX_LANGUAGE_STANDARD = "gnu++0x";
				CLANG_CXX_LIBRARY = "libc++";
				CLANG_ENABLE_MODULES = YES;
				CLANG_ENABLE_OBJC_ARC = YES;
				CLANG_WARN_BOOL_CONVERSION = YES;
				CLANG_WARN_CONSTANT_CONVERSION = YES;
				CLANG_WARN_DIRECT_OBJC_ISA_USAGE = YES_ERROR;
				CLANG_WARN_EMPTY_BODY = YES;
				CLANG_WARN_ENUM_CONVERSION = YES;
				CLANG_WARN_INT_CONVERSION = YES;
				CLANG_WARN_OBJC_ROOT_CLASS = YES_ERROR;
				CLANG_WARN_UNREACHABLE_CODE = YES;
				CLANG_WARN__DUPLICATE_METHOD_MATCH = YES;
				COPY_PHASE_STRIP = NO;
				ENABLE_STRICT_OBJC_MSGSEND = YES;
				GCC_C_LANGUAGE_STANDARD = gnu99;
				GCC_DYNAMIC_NO_PIC = NO;
				GCC_OPTIMIZATION_LEVEL = 0;
				GCC_PREPROCESSOR_DEFINITIONS = (
					"DEBUG=1",
					"$(inherited)",
				);
				GCC_SYMBOLS_PRIVATE_EXTERN = NO;
				GCC_WARN_64_TO_32_BIT_CONVERSION = YES;
				GCC_WARN_ABOUT_RETURN_TYPE = YES_ERROR;
				GCC_WARN_UNDECLARED_SELECTOR = YES;
				GCC_WARN_UNINITIALIZED_AUTOS = YES_AGGRESSIVE;
				GCC_WARN_UNUSED_FUNCTION = YES;
				GCC_WARN_UNUSED_VARIABLE = YES;
				MACOSX_DEPLOYMENT_TARGET = 10.9;
				MTL_ENABLE_DEBUG_INFO = YES;
				ONLY_ACTIVE_ARCH = YES;
				SDKROOT = macosx;
			};
			name = Debug;
		};
		BD27F9CB19AA7052003CA55D /* Release */ = {
			isa = XCBuildConfiguration;
			buildSettings = {
				ALWAYS_SEARCH_USER_PATHS = NO;
				CLANG_CXX_LANGUAGE_STANDARD = "gnu++0x";
				CLANG_CXX_LIBRARY = "libc++";
				CLANG_ENABLE_MODULES = YES;
				CLANG_ENABLE_OBJC_ARC = YES;
				CLANG_WARN_BOOL_CONVERSION = YES;
				CLANG_WARN_CONSTANT_CONVERSION = YES;
				CLANG_WARN_DIRECT_OBJC_ISA_USAGE = YES_ERROR;
				CLANG_WARN_EMPTY_BODY = YES;
				CLANG_WARN_ENUM_CONVERSION = YES;
				CLANG_WARN_INT_CONVERSION = YES;
				CLANG_WARN_OBJC_ROOT_CLASS = YES_ERROR;
				CLANG_WARN_UNREACHABLE_CODE = YES;
				CLANG_WARN__DUPLICATE_METHOD_MATCH = YES;
				COPY_PHASE_STRIP = YES;
				DEBUG_INFORMATION_FORMAT = "dwarf-with-dsym";
				ENABLE_NS_ASSERTIONS = NO;
				ENABLE_STRICT_OBJC_MSGSEND = YES;
				GCC_C_LANGUAGE_STANDARD = gnu99;
				GCC_WARN_64_TO_32_BIT_CONVERSION = YES;
				GCC_WARN_ABOUT_RETURN_TYPE = YES_ERROR;
				GCC_WARN_UNDECLARED_SELECTOR = YES;
				GCC_WARN_UNINITIALIZED_AUTOS = YES_AGGRESSIVE;
				GCC_WARN_UNUSED_FUNCTION = YES;
				GCC_WARN_UNUSED_VARIABLE = YES;
				MACOSX_DEPLOYMENT_TARGET = 10.9;
				MTL_ENABLE_DEBUG_INFO = NO;
				SDKROOT = macosx;
			};
			name = Release;
		};
		BD27F9CD19AA7052003CA55D /* Debug */ = {
			isa = XCBuildConfiguration;
			buildSettings = {
				PRODUCT_NAME = "$(TARGET_NAME)";
			};
			name = Debug;
		};
		BD27F9CE19AA7052003CA55D /* Release */ = {
			isa = XCBuildConfiguration;
			buildSettings = {
				PRODUCT_NAME = "$(TARGET_NAME)";
			};
			name = Release;
		};
/* End XCBuildConfiguration section */

/* Begin XCConfigurationList section */
		BD27F9C019AA7052003CA55D /* Build configuration list for PBXProject "Exercise 16.5" */ = {
			isa = XCConfigurationList;
			buildConfigurations = (
				BD27F9CA19AA7052003CA55D /* Debug */,
				BD27F9CB19AA7052003CA55D /* Release */,
			);
			defaultConfigurationIsVisible = 0;
			defaultConfigurationName = Release;
		};
		BD27F9CC19AA7052003CA55D /* Build configuration list for PBXNativeTarget "Exercise 16.5" */ = {
			isa = XCConfigurationList;
			buildConfigurations = (
				BD27F9CD19AA7052003CA55D /* Debug */,
				BD27F9CE19AA7052003CA55D /* Release */,
			);
			defaultConfigurationIsVisible = 0;
		};
/* End XCConfigurationList section */
	};
	rootObject = BD27F9BD19AA7052003CA55D /* Project object */;
}
