// !$*UTF8*$!
{
	archiveVersion = 1;
	classes = {
	};
	objectVersion = 46;
	objects = {

/* Begin PBXBuildFile section */
		BD025C77198C013F00A04BA1 /* main.m in Sources */ = {isa = PBXBuildFile; fileRef = BD025C76198C013F00A04BA1 /* main.m */; };
		BD025C81198C015600A04BA1 /* AddressBook.m in Sources */ = {isa = PBXBuildFile; fileRef = BD025C7E198C015600A04BA1 /* AddressBook.m */; };
		BD025C82198C015600A04BA1 /* AddressCard.m in Sources */ = {isa = PBXBuildFile; fileRef = BD025C80198C015600A04BA1 /* AddressCard.m */; };
/* End PBXBuildFile section */

/* Begin PBXCopyFilesBuildPhase section */
		BD025C71198C013F00A04BA1 /* CopyFiles */ = {
			isa = PBXCopyFilesBuildPhase;
			buildActionMask = 2147483647;
			dstPath = /usr/share/man/man1/;
			dstSubfolderSpec = 0;
			files = (
			);
			runOnlyForDeploymentPostprocessing = 1;
		};
/* End PBXCopyFilesBuildPhase section */

/* Begin PBXFileReference section */
		BD025C73198C013F00A04BA1 /* Program 15.15b */ = {isa = PBXFileReference; explicitFileType = "compiled.mach-o.executable"; includeInIndex = 0; path = "Program 15.15b"; sourceTree = BUILT_PRODUCTS_DIR; };
		BD025C76198C013F00A04BA1 /* main.m */ = {isa = PBXFileReference; lastKnownFileType = sourcecode.c.objc; path = main.m; sourceTree = "<group>"; };
		BD025C7D198C015600A04BA1 /* AddressBook.h */ = {isa = PBXFileReference; fileEncoding = 4; lastKnownFileType = sourcecode.c.h; path = AddressBook.h; sourceTree = "<group>"; };
		BD025C7E198C015600A04BA1 /* AddressBook.m */ = {isa = PBXFileReference; fileEncoding = 4; lastKnownFileType = sourcecode.c.objc; path = AddressBook.m; sourceTree = "<group>"; };
		BD025C7F198C015600A04BA1 /* AddressCard.h */ = {isa = PBXFileReference; fileEncoding = 4; lastKnownFileType = sourcecode.c.h; path = AddressCard.h; sourceTree = "<group>"; };
		BD025C80198C015600A04BA1 /* AddressCard.m */ = {isa = PBXFileReference; fileEncoding = 4; lastKnownFileType = sourcecode.c.objc; path = AddressCard.m; sourceTree = "<group>"; };
/* End PBXFileReference section */

/* Begin PBXFrameworksBuildPhase section */
		BD025C70198C013F00A04BA1 /* Frameworks */ = {
			isa = PBXFrameworksBuildPhase;
			buildActionMask = 2147483647;
			files = (
			);
			runOnlyForDeploymentPostprocessing = 0;
		};
/* End PBXFrameworksBuildPhase section */

/* Begin PBXGroup section */
		BD025C6A198C013F00A04BA1 = {
			isa = PBXGroup;
			children = (
				BD025C75198C013F00A04BA1 /* Program 15.15b */,
				BD025C74198C013F00A04BA1 /* Products */,
			);
			sourceTree = "<group>";
		};
		BD025C74198C013F00A04BA1 /* Products */ = {
			isa = PBXGroup;
			children = (
				BD025C73198C013F00A04BA1 /* Program 15.15b */,
			);
			name = Products;
			sourceTree = "<group>";
		};
		BD025C75198C013F00A04BA1 /* Program 15.15b */ = {
			isa = PBXGroup;
			children = (
				BD025C76198C013F00A04BA1 /* main.m */,
				BD025C7D198C015600A04BA1 /* AddressBook.h */,
				BD025C7E198C015600A04BA1 /* AddressBook.m */,
				BD025C7F198C015600A04BA1 /* AddressCard.h */,
				BD025C80198C015600A04BA1 /* AddressCard.m */,
			);
			path = "Program 15.15b";
			sourceTree = "<group>";
		};
/* End PBXGroup section */

/* Begin PBXNativeTarget section */
		BD025C72198C013F00A04BA1 /* Program 15.15b */ = {
			isa = PBXNativeTarget;
			buildConfigurationList = BD025C7A198C013F00A04BA1 /* Build configuration list for PBXNativeTarget "Program 15.15b" */;
			buildPhases = (
				BD025C6F198C013F00A04BA1 /* Sources */,
				BD025C70198C013F00A04BA1 /* Frameworks */,
				BD025C71198C013F00A04BA1 /* CopyFiles */,
			);
			buildRules = (
			);
			dependencies = (
			);
			name = "Program 15.15b";
			productName = "Program 15.15b";
			productReference = BD025C73198C013F00A04BA1 /* Program 15.15b */;
			productType = "com.apple.product-type.tool";
		};
/* End PBXNativeTarget section */

/* Begin PBXProject section */
		BD025C6B198C013F00A04BA1 /* Project object */ = {
			isa = PBXProject;
			attributes = {
				LastUpgradeCheck = 0600;
				ORGANIZATIONNAME = "Michał Listowski";
				TargetAttributes = {
					BD025C72198C013F00A04BA1 = {
						CreatedOnToolsVersion = 6.0;
					};
				};
			};
			buildConfigurationList = BD025C6E198C013F00A04BA1 /* Build configuration list for PBXProject "Program 15.15b" */;
			compatibilityVersion = "Xcode 3.2";
			developmentRegion = English;
			hasScannedForEncodings = 0;
			knownRegions = (
				en,
			);
			mainGroup = BD025C6A198C013F00A04BA1;
			productRefGroup = BD025C74198C013F00A04BA1 /* Products */;
			projectDirPath = "";
			projectRoot = "";
			targets = (
				BD025C72198C013F00A04BA1 /* Program 15.15b */,
			);
		};
/* End PBXProject section */

/* Begin PBXSourcesBuildPhase section */
		BD025C6F198C013F00A04BA1 /* Sources */ = {
			isa = PBXSourcesBuildPhase;
			buildActionMask = 2147483647;
			files = (
				BD025C82198C015600A04BA1 /* AddressCard.m in Sources */,
				BD025C77198C013F00A04BA1 /* main.m in Sources */,
				BD025C81198C015600A04BA1 /* AddressBook.m in Sources */,
			);
			runOnlyForDeploymentPostprocessing = 0;
		};
/* End PBXSourcesBuildPhase section */

/* Begin XCBuildConfiguration section */
		BD025C78198C013F00A04BA1 /* Debug */ = {
			isa = XCBuildConfiguration;
			buildSettings = {
				ALWAYS_SEARCH_USER_PATHS = NO;
				CLANG_CXX_LANGUAGE_STANDARD = "gnu++0x";
				CLANG_CXX_LIBRARY = "libc++";
				CLANG_ENABLE_MODULES = YES;
				CLANG_ENABLE_OBJC_ARC = YES;
				CLANG_WARN_BOOL_CONVERSION = YES;
				CLANG_WARN_CONSTANT_CONVERSION = YES;
				CLANG_WARN_DIRECT_OBJC_ISA_USAGE = YES_ERROR;
				CLANG_WARN_EMPTY_BODY = YES;
				CLANG_WARN_ENUM_CONVERSION = YES;
				CLANG_WARN_INT_CONVERSION = YES;
				CLANG_WARN_OBJC_ROOT_CLASS = YES_ERROR;
				CLANG_WARN_UNREACHABLE_CODE = YES;
				CLANG_WARN__DUPLICATE_METHOD_MATCH = YES;
				COPY_PHASE_STRIP = NO;
				ENABLE_STRICT_OBJC_MSGSEND = YES;
				GCC_C_LANGUAGE_STANDARD = gnu99;
				GCC_DYNAMIC_NO_PIC = NO;
				GCC_OPTIMIZATION_LEVEL = 0;
				GCC_PREPROCESSOR_DEFINITIONS = (
					"DEBUG=1",
					"$(inherited)",
				);
				GCC_SYMBOLS_PRIVATE_EXTERN = NO;
				GCC_WARN_64_TO_32_BIT_CONVERSION = YES;
				GCC_WARN_ABOUT_RETURN_TYPE = YES_ERROR;
				GCC_WARN_UNDECLARED_SELECTOR = YES;
				GCC_WARN_UNINITIALIZED_AUTOS = YES_AGGRESSIVE;
				GCC_WARN_UNUSED_FUNCTION = YES;
				GCC_WARN_UNUSED_VARIABLE = YES;
				MACOSX_DEPLOYMENT_TARGET = 10.9;
				MTL_ENABLE_DEBUG_INFO = YES;
				ONLY_ACTIVE_ARCH = YES;
				SDKROOT = macosx;
			};
			name = Debug;
		};
		BD025C79198C013F00A04BA1 /* Release */ = {
			isa = XCBuildConfiguration;
			buildSettings = {
				ALWAYS_SEARCH_USER_PATHS = NO;
				CLANG_CXX_LANGUAGE_STANDARD = "gnu++0x";
				CLANG_CXX_LIBRARY = "libc++";
				CLANG_ENABLE_MODULES = YES;
				CLANG_ENABLE_OBJC_ARC = YES;
				CLANG_WARN_BOOL_CONVERSION = YES;
				CLANG_WARN_CONSTANT_CONVERSION = YES;
				CLANG_WARN_DIRECT_OBJC_ISA_USAGE = YES_ERROR;
				CLANG_WARN_EMPTY_BODY = YES;
				CLANG_WARN_ENUM_CONVERSION = YES;
				CLANG_WARN_INT_CONVERSION = YES;
				CLANG_WARN_OBJC_ROOT_CLASS = YES_ERROR;
				CLANG_WARN_UNREACHABLE_CODE = YES;
				CLANG_WARN__DUPLICATE_METHOD_MATCH = YES;
				COPY_PHASE_STRIP = YES;
				DEBUG_INFORMATION_FORMAT = "dwarf-with-dsym";
				ENABLE_NS_ASSERTIONS = NO;
				ENABLE_STRICT_OBJC_MSGSEND = YES;
				GCC_C_LANGUAGE_STANDARD = gnu99;
				GCC_WARN_64_TO_32_BIT_CONVERSION = YES;
				GCC_WARN_ABOUT_RETURN_TYPE = YES_ERROR;
				GCC_WARN_UNDECLARED_SELECTOR = YES;
				GCC_WARN_UNINITIALIZED_AUTOS = YES_AGGRESSIVE;
				GCC_WARN_UNUSED_FUNCTION = YES;
				GCC_WARN_UNUSED_VARIABLE = YES;
				MACOSX_DEPLOYMENT_TARGET = 10.9;
				MTL_ENABLE_DEBUG_INFO = NO;
				SDKROOT = macosx;
			};
			name = Release;
		};
		BD025C7B198C013F00A04BA1 /* Debug */ = {
			isa = XCBuildConfiguration;
			buildSettings = {
				PRODUCT_NAME = "$(TARGET_NAME)";
			};
			name = Debug;
		};
		BD025C7C198C013F00A04BA1 /* Release */ = {
			isa = XCBuildConfiguration;
			buildSettings = {
				PRODUCT_NAME = "$(TARGET_NAME)";
			};
			name = Release;
		};
/* End XCBuildConfiguration section */

/* Begin XCConfigurationList section */
		BD025C6E198C013F00A04BA1 /* Build configuration list for PBXProject "Program 15.15b" */ = {
			isa = XCConfigurationList;
			buildConfigurations = (
				BD025C78198C013F00A04BA1 /* Debug */,
				BD025C79198C013F00A04BA1 /* Release */,
			);
			defaultConfigurationIsVisible = 0;
			defaultConfigurationName = Release;
		};
		BD025C7A198C013F00A04BA1 /* Build configuration list for PBXNativeTarget "Program 15.15b" */ = {
			isa = XCConfigurationList;
			buildConfigurations = (
				BD025C7B198C013F00A04BA1 /* Debug */,
				BD025C7C198C013F00A04BA1 /* Release */,
			);
			defaultConfigurationIsVisible = 0;
		};
/* End XCConfigurationList section */
	};
	rootObject = BD025C6B198C013F00A04BA1 /* Project object */;
}
