// !$*UTF8*$!
{
	archiveVersion = 1;
	classes = {
	};
	objectVersion = 46;
	objects = {

/* Begin PBXBuildFile section */
		BD8DF83F19AB46D100B8B264 /* main.m in Sources */ = {isa = PBXBuildFile; fileRef = BD8DF83E19AB46D100B8B264 /* main.m */; };
/* End PBXBuildFile section */

/* Begin PBXCopyFilesBuildPhase section */
		BD8DF83919AB46D100B8B264 /* CopyFiles */ = {
			isa = PBXCopyFilesBuildPhase;
			buildActionMask = 2147483647;
			dstPath = /usr/share/man/man1/;
			dstSubfolderSpec = 0;
			files = (
			);
			runOnlyForDeploymentPostprocessing = 1;
		};
/* End PBXCopyFilesBuildPhase section */

/* Begin PBXFileReference section */
		BD8DF83B19AB46D100B8B264 /* Exercise 16.6 */ = {isa = PBXFileReference; explicitFileType = "compiled.mach-o.executable"; includeInIndex = 0; path = "Exercise 16.6"; sourceTree = BUILT_PRODUCTS_DIR; };
		BD8DF83E19AB46D100B8B264 /* main.m */ = {isa = PBXFileReference; lastKnownFileType = sourcecode.c.objc; path = main.m; sourceTree = "<group>"; };
/* End PBXFileReference section */

/* Begin PBXFrameworksBuildPhase section */
		BD8DF83819AB46D100B8B264 /* Frameworks */ = {
			isa = PBXFrameworksBuildPhase;
			buildActionMask = 2147483647;
			files = (
			);
			runOnlyForDeploymentPostprocessing = 0;
		};
/* End PBXFrameworksBuildPhase section */

/* Begin PBXGroup section */
		BD8DF83219AB46D100B8B264 = {
			isa = PBXGroup;
			children = (
				BD8DF83D19AB46D100B8B264 /* Exercise 16.6 */,
				BD8DF83C19AB46D100B8B264 /* Products */,
			);
			sourceTree = "<group>";
		};
		BD8DF83C19AB46D100B8B264 /* Products */ = {
			isa = PBXGroup;
			children = (
				BD8DF83B19AB46D100B8B264 /* Exercise 16.6 */,
			);
			name = Products;
			sourceTree = "<group>";
		};
		BD8DF83D19AB46D100B8B264 /* Exercise 16.6 */ = {
			isa = PBXGroup;
			children = (
				BD8DF83E19AB46D100B8B264 /* main.m */,
			);
			path = "Exercise 16.6";
			sourceTree = "<group>";
		};
/* End PBXGroup section */

/* Begin PBXNativeTarget section */
		BD8DF83A19AB46D100B8B264 /* Exercise 16.6 */ = {
			isa = PBXNativeTarget;
			buildConfigurationList = BD8DF84219AB46D100B8B264 /* Build configuration list for PBXNativeTarget "Exercise 16.6" */;
			buildPhases = (
				BD8DF83719AB46D100B8B264 /* Sources */,
				BD8DF83819AB46D100B8B264 /* Frameworks */,
				BD8DF83919AB46D100B8B264 /* CopyFiles */,
			);
			buildRules = (
			);
			dependencies = (
			);
			name = "Exercise 16.6";
			productName = "Exercise 16.6";
			productReference = BD8DF83B19AB46D100B8B264 /* Exercise 16.6 */;
			productType = "com.apple.product-type.tool";
		};
/* End PBXNativeTarget section */

/* Begin PBXProject section */
		BD8DF83319AB46D100B8B264 /* Project object */ = {
			isa = PBXProject;
			attributes = {
				LastUpgradeCheck = 0600;
				ORGANIZATIONNAME = "Michał Listowski";
				TargetAttributes = {
					BD8DF83A19AB46D100B8B264 = {
						CreatedOnToolsVersion = 6.0;
					};
				};
			};
			buildConfigurationList = BD8DF83619AB46D100B8B264 /* Build configuration list for PBXProject "Exercise 16.6" */;
			compatibilityVersion = "Xcode 3.2";
			developmentRegion = English;
			hasScannedForEncodings = 0;
			knownRegions = (
				en,
			);
			mainGroup = BD8DF83219AB46D100B8B264;
			productRefGroup = BD8DF83C19AB46D100B8B264 /* Products */;
			projectDirPath = "";
			projectRoot = "";
			targets = (
				BD8DF83A19AB46D100B8B264 /* Exercise 16.6 */,
			);
		};
/* End PBXProject section */

/* Begin PBXSourcesBuildPhase section */
		BD8DF83719AB46D100B8B264 /* Sources */ = {
			isa = PBXSourcesBuildPhase;
			buildActionMask = 2147483647;
			files = (
				BD8DF83F19AB46D100B8B264 /* main.m in Sources */,
			);
			runOnlyForDeploymentPostprocessing = 0;
		};
/* End PBXSourcesBuildPhase section */

/* Begin XCBuildConfiguration section */
		BD8DF84019AB46D100B8B264 /* Debug */ = {
			isa = XCBuildConfiguration;
			buildSettings = {
				ALWAYS_SEARCH_USER_PATHS = NO;
				CLANG_CXX_LANGUAGE_STANDARD = "gnu++0x";
				CLANG_CXX_LIBRARY = "libc++";
				CLANG_ENABLE_MODULES = YES;
				CLANG_ENABLE_OBJC_ARC = YES;
				CLANG_WARN_BOOL_CONVERSION = YES;
				CLANG_WARN_CONSTANT_CONVERSION = YES;
				CLANG_WARN_DIRECT_OBJC_ISA_USAGE = YES_ERROR;
				CLANG_WARN_EMPTY_BODY = YES;
				CLANG_WARN_ENUM_CONVERSION = YES;
				CLANG_WARN_INT_CONVERSION = YES;
				CLANG_WARN_OBJC_ROOT_CLASS = YES_ERROR;
				CLANG_WARN_UNREACHABLE_CODE = YES;
				CLANG_WARN__DUPLICATE_METHOD_MATCH = YES;
				COPY_PHASE_STRIP = NO;
				ENABLE_STRICT_OBJC_MSGSEND = YES;
				GCC_C_LANGUAGE_STANDARD = gnu99;
				GCC_DYNAMIC_NO_PIC = NO;
				GCC_OPTIMIZATION_LEVEL = 0;
				GCC_PREPROCESSOR_DEFINITIONS = (
					"DEBUG=1",
					"$(inherited)",
				);
				GCC_SYMBOLS_PRIVATE_EXTERN = NO;
				GCC_WARN_64_TO_32_BIT_CONVERSION = YES;
				GCC_WARN_ABOUT_RETURN_TYPE = YES_ERROR;
				GCC_WARN_UNDECLARED_SELECTOR = YES;
				GCC_WARN_UNINITIALIZED_AUTOS = YES_AGGRESSIVE;
				GCC_WARN_UNUSED_FUNCTION = YES;
				GCC_WARN_UNUSED_VARIABLE = YES;
				MACOSX_DEPLOYMENT_TARGET = 10.9;
				MTL_ENABLE_DEBUG_INFO = YES;
				ONLY_ACTIVE_ARCH = YES;
				SDKROOT = macosx;
			};
			name = Debug;
		};
		BD8DF84119AB46D100B8B264 /* Release */ = {
			isa = XCBuildConfiguration;
			buildSettings = {
				ALWAYS_SEARCH_USER_PATHS = NO;
				CLANG_CXX_LANGUAGE_STANDARD = "gnu++0x";
				CLANG_CXX_LIBRARY = "libc++";
				CLANG_ENABLE_MODULES = YES;
				CLANG_ENABLE_OBJC_ARC = YES;
				CLANG_WARN_BOOL_CONVERSION = YES;
				CLANG_WARN_CONSTANT_CONVERSION = YES;
				CLANG_WARN_DIRECT_OBJC_ISA_USAGE = YES_ERROR;
				CLANG_WARN_EMPTY_BODY = YES;
				CLANG_WARN_ENUM_CONVERSION = YES;
				CLANG_WARN_INT_CONVERSION = YES;
				CLANG_WARN_OBJC_ROOT_CLASS = YES_ERROR;
				CLANG_WARN_UNREACHABLE_CODE = YES;
				CLANG_WARN__DUPLICATE_METHOD_MATCH = YES;
				COPY_PHASE_STRIP = YES;
				DEBUG_INFORMATION_FORMAT = "dwarf-with-dsym";
				ENABLE_NS_ASSERTIONS = NO;
				ENABLE_STRICT_OBJC_MSGSEND = YES;
				GCC_C_LANGUAGE_STANDARD = gnu99;
				GCC_WARN_64_TO_32_BIT_CONVERSION = YES;
				GCC_WARN_ABOUT_RETURN_TYPE = YES_ERROR;
				GCC_WARN_UNDECLARED_SELECTOR = YES;
				GCC_WARN_UNINITIALIZED_AUTOS = YES_AGGRESSIVE;
				GCC_WARN_UNUSED_FUNCTION = YES;
				GCC_WARN_UNUSED_VARIABLE = YES;
				MACOSX_DEPLOYMENT_TARGET = 10.9;
				MTL_ENABLE_DEBUG_INFO = NO;
				SDKROOT = macosx;
			};
			name = Release;
		};
		BD8DF84319AB46D100B8B264 /* Debug */ = {
			isa = XCBuildConfiguration;
			buildSettings = {
				PRODUCT_NAME = "$(TARGET_NAME)";
			};
			name = Debug;
		};
		BD8DF84419AB46D100B8B264 /* Release */ = {
			isa = XCBuildConfiguration;
			buildSettings = {
				PRODUCT_NAME = "$(TARGET_NAME)";
			};
			name = Release;
		};
/* End XCBuildConfiguration section */

/* Begin XCConfigurationList section */
		BD8DF83619AB46D100B8B264 /* Build configuration list for PBXProject "Exercise 16.6" */ = {
			isa = XCConfigurationList;
			buildConfigurations = (
				BD8DF84019AB46D100B8B264 /* Debug */,
				BD8DF84119AB46D100B8B264 /* Release */,
			);
			defaultConfigurationIsVisible = 0;
			defaultConfigurationName = Release;
		};
		BD8DF84219AB46D100B8B264 /* Build configuration list for PBXNativeTarget "Exercise 16.6" */ = {
			isa = XCConfigurationList;
			buildConfigurations = (
				BD8DF84319AB46D100B8B264 /* Debug */,
				BD8DF84419AB46D100B8B264 /* Release */,
			);
			defaultConfigurationIsVisible = 0;
		};
/* End XCConfigurationList section */
	};
	rootObject = BD8DF83319AB46D100B8B264 /* Project object */;
}
