// !$*UTF8*$!
{
	archiveVersion = 1;
	classes = {
	};
	objectVersion = 46;
	objects = {

/* Begin PBXBuildFile section */
		BD3A8BD01954564B0014E1A7 /* main.m in Sources */ = {isa = PBXBuildFile; fileRef = BD3A8BCF1954564B0014E1A7 /* main.m */; };
		BD3A8BDC1954566E0014E1A7 /* Complex.m in Sources */ = {isa = PBXBuildFile; fileRef = BD3A8BD71954566E0014E1A7 /* Complex.m */; };
		BD3A8BDD1954566E0014E1A7 /* Fraction.m in Sources */ = {isa = PBXBuildFile; fileRef = BD3A8BD91954566E0014E1A7 /* Fraction.m */; };
/* End PBXBuildFile section */

/* Begin PBXCopyFilesBuildPhase section */
		BD3A8BCA1954564B0014E1A7 /* CopyFiles */ = {
			isa = PBXCopyFilesBuildPhase;
			buildActionMask = 2147483647;
			dstPath = /usr/share/man/man1/;
			dstSubfolderSpec = 0;
			files = (
			);
			runOnlyForDeploymentPostprocessing = 1;
		};
/* End PBXCopyFilesBuildPhase section */

/* Begin PBXFileReference section */
		BD3A8BCC1954564B0014E1A7 /* Exercise 9.5 */ = {isa = PBXFileReference; explicitFileType = "compiled.mach-o.executable"; includeInIndex = 0; path = "Exercise 9.5"; sourceTree = BUILT_PRODUCTS_DIR; };
		BD3A8BCF1954564B0014E1A7 /* main.m */ = {isa = PBXFileReference; lastKnownFileType = sourcecode.c.objc; path = main.m; sourceTree = "<group>"; };
		BD3A8BD61954566E0014E1A7 /* Complex.h */ = {isa = PBXFileReference; fileEncoding = 4; lastKnownFileType = sourcecode.c.h; path = Complex.h; sourceTree = "<group>"; };
		BD3A8BD71954566E0014E1A7 /* Complex.m */ = {isa = PBXFileReference; fileEncoding = 4; lastKnownFileType = sourcecode.c.objc; path = Complex.m; sourceTree = "<group>"; };
		BD3A8BD81954566E0014E1A7 /* Fraction.h */ = {isa = PBXFileReference; fileEncoding = 4; lastKnownFileType = sourcecode.c.h; path = Fraction.h; sourceTree = "<group>"; };
		BD3A8BD91954566E0014E1A7 /* Fraction.m */ = {isa = PBXFileReference; fileEncoding = 4; lastKnownFileType = sourcecode.c.objc; path = Fraction.m; sourceTree = "<group>"; };
/* End PBXFileReference section */

/* Begin PBXFrameworksBuildPhase section */
		BD3A8BC91954564B0014E1A7 /* Frameworks */ = {
			isa = PBXFrameworksBuildPhase;
			buildActionMask = 2147483647;
			files = (
			);
			runOnlyForDeploymentPostprocessing = 0;
		};
/* End PBXFrameworksBuildPhase section */

/* Begin PBXGroup section */
		BD3A8BC31954564B0014E1A7 = {
			isa = PBXGroup;
			children = (
				BD3A8BCE1954564B0014E1A7 /* Exercise 9.5 */,
				BD3A8BCD1954564B0014E1A7 /* Products */,
			);
			sourceTree = "<group>";
		};
		BD3A8BCD1954564B0014E1A7 /* Products */ = {
			isa = PBXGroup;
			children = (
				BD3A8BCC1954564B0014E1A7 /* Exercise 9.5 */,
			);
			name = Products;
			sourceTree = "<group>";
		};
		BD3A8BCE1954564B0014E1A7 /* Exercise 9.5 */ = {
			isa = PBXGroup;
			children = (
				BD3A8BCF1954564B0014E1A7 /* main.m */,
				BD3A8BD61954566E0014E1A7 /* Complex.h */,
				BD3A8BD71954566E0014E1A7 /* Complex.m */,
				BD3A8BD81954566E0014E1A7 /* Fraction.h */,
				BD3A8BD91954566E0014E1A7 /* Fraction.m */,
			);
			path = "Exercise 9.5";
			sourceTree = "<group>";
		};
/* End PBXGroup section */

/* Begin PBXNativeTarget section */
		BD3A8BCB1954564B0014E1A7 /* Exercise 9.5 */ = {
			isa = PBXNativeTarget;
			buildConfigurationList = BD3A8BD31954564B0014E1A7 /* Build configuration list for PBXNativeTarget "Exercise 9.5" */;
			buildPhases = (
				BD3A8BC81954564B0014E1A7 /* Sources */,
				BD3A8BC91954564B0014E1A7 /* Frameworks */,
				BD3A8BCA1954564B0014E1A7 /* CopyFiles */,
			);
			buildRules = (
			);
			dependencies = (
			);
			name = "Exercise 9.5";
			productName = "Exercise 9.5";
			productReference = BD3A8BCC1954564B0014E1A7 /* Exercise 9.5 */;
			productType = "com.apple.product-type.tool";
		};
/* End PBXNativeTarget section */

/* Begin PBXProject section */
		BD3A8BC41954564B0014E1A7 /* Project object */ = {
			isa = PBXProject;
			attributes = {
				LastUpgradeCheck = 0600;
				ORGANIZATIONNAME = "Michał Listowski";
				TargetAttributes = {
					BD3A8BCB1954564B0014E1A7 = {
						CreatedOnToolsVersion = 6.0;
					};
				};
			};
			buildConfigurationList = BD3A8BC71954564B0014E1A7 /* Build configuration list for PBXProject "Exercise 9.5" */;
			compatibilityVersion = "Xcode 3.2";
			developmentRegion = English;
			hasScannedForEncodings = 0;
			knownRegions = (
				en,
			);
			mainGroup = BD3A8BC31954564B0014E1A7;
			productRefGroup = BD3A8BCD1954564B0014E1A7 /* Products */;
			projectDirPath = "";
			projectRoot = "";
			targets = (
				BD3A8BCB1954564B0014E1A7 /* Exercise 9.5 */,
			);
		};
/* End PBXProject section */

/* Begin PBXSourcesBuildPhase section */
		BD3A8BC81954564B0014E1A7 /* Sources */ = {
			isa = PBXSourcesBuildPhase;
			buildActionMask = 2147483647;
			files = (
				BD3A8BDC1954566E0014E1A7 /* Complex.m in Sources */,
				BD3A8BD01954564B0014E1A7 /* main.m in Sources */,
				BD3A8BDD1954566E0014E1A7 /* Fraction.m in Sources */,
			);
			runOnlyForDeploymentPostprocessing = 0;
		};
/* End PBXSourcesBuildPhase section */

/* Begin XCBuildConfiguration section */
		BD3A8BD11954564B0014E1A7 /* Debug */ = {
			isa = XCBuildConfiguration;
			buildSettings = {
				ALWAYS_SEARCH_USER_PATHS = NO;
				CLANG_CXX_LANGUAGE_STANDARD = "gnu++0x";
				CLANG_CXX_LIBRARY = "libc++";
				CLANG_ENABLE_MODULES = YES;
				CLANG_ENABLE_OBJC_ARC = YES;
				CLANG_WARN_BOOL_CONVERSION = YES;
				CLANG_WARN_CONSTANT_CONVERSION = YES;
				CLANG_WARN_DIRECT_OBJC_ISA_USAGE = YES_ERROR;
				CLANG_WARN_EMPTY_BODY = YES;
				CLANG_WARN_ENUM_CONVERSION = YES;
				CLANG_WARN_INT_CONVERSION = YES;
				CLANG_WARN_OBJC_ROOT_CLASS = YES_ERROR;
				CLANG_WARN_UNREACHABLE_CODE = YES;
				CLANG_WARN__DUPLICATE_METHOD_MATCH = YES;
				COPY_PHASE_STRIP = NO;
				ENABLE_STRICT_OBJC_MSGSEND = YES;
				GCC_C_LANGUAGE_STANDARD = gnu99;
				GCC_DYNAMIC_NO_PIC = NO;
				GCC_OPTIMIZATION_LEVEL = 0;
				GCC_PREPROCESSOR_DEFINITIONS = (
					"DEBUG=1",
					"$(inherited)",
				);
				GCC_SYMBOLS_PRIVATE_EXTERN = NO;
				GCC_WARN_64_TO_32_BIT_CONVERSION = YES;
				GCC_WARN_ABOUT_RETURN_TYPE = YES_ERROR;
				GCC_WARN_UNDECLARED_SELECTOR = YES;
				GCC_WARN_UNINITIALIZED_AUTOS = YES_AGGRESSIVE;
				GCC_WARN_UNUSED_FUNCTION = YES;
				GCC_WARN_UNUSED_VARIABLE = YES;
				MACOSX_DEPLOYMENT_TARGET = 10.9;
				METAL_ENABLE_DEBUG_INFO = YES;
				ONLY_ACTIVE_ARCH = YES;
				SDKROOT = macosx;
			};
			name = Debug;
		};
		BD3A8BD21954564B0014E1A7 /* Release */ = {
			isa = XCBuildConfiguration;
			buildSettings = {
				ALWAYS_SEARCH_USER_PATHS = NO;
				CLANG_CXX_LANGUAGE_STANDARD = "gnu++0x";
				CLANG_CXX_LIBRARY = "libc++";
				CLANG_ENABLE_MODULES = YES;
				CLANG_ENABLE_OBJC_ARC = YES;
				CLANG_WARN_BOOL_CONVERSION = YES;
				CLANG_WARN_CONSTANT_CONVERSION = YES;
				CLANG_WARN_DIRECT_OBJC_ISA_USAGE = YES_ERROR;
				CLANG_WARN_EMPTY_BODY = YES;
				CLANG_WARN_ENUM_CONVERSION = YES;
				CLANG_WARN_INT_CONVERSION = YES;
				CLANG_WARN_OBJC_ROOT_CLASS = YES_ERROR;
				CLANG_WARN_UNREACHABLE_CODE = YES;
				CLANG_WARN__DUPLICATE_METHOD_MATCH = YES;
				COPY_PHASE_STRIP = YES;
				DEBUG_INFORMATION_FORMAT = "dwarf-with-dsym";
				ENABLE_NS_ASSERTIONS = NO;
				ENABLE_STRICT_OBJC_MSGSEND = YES;
				GCC_C_LANGUAGE_STANDARD = gnu99;
				GCC_WARN_64_TO_32_BIT_CONVERSION = YES;
				GCC_WARN_ABOUT_RETURN_TYPE = YES_ERROR;
				GCC_WARN_UNDECLARED_SELECTOR = YES;
				GCC_WARN_UNINITIALIZED_AUTOS = YES_AGGRESSIVE;
				GCC_WARN_UNUSED_FUNCTION = YES;
				GCC_WARN_UNUSED_VARIABLE = YES;
				MACOSX_DEPLOYMENT_TARGET = 10.9;
				METAL_ENABLE_DEBUG_INFO = NO;
				SDKROOT = macosx;
			};
			name = Release;
		};
		BD3A8BD41954564B0014E1A7 /* Debug */ = {
			isa = XCBuildConfiguration;
			buildSettings = {
				PRODUCT_NAME = "$(TARGET_NAME)";
			};
			name = Debug;
		};
		BD3A8BD51954564B0014E1A7 /* Release */ = {
			isa = XCBuildConfiguration;
			buildSettings = {
				PRODUCT_NAME = "$(TARGET_NAME)";
			};
			name = Release;
		};
/* End XCBuildConfiguration section */

/* Begin XCConfigurationList section */
		BD3A8BC71954564B0014E1A7 /* Build configuration list for PBXProject "Exercise 9.5" */ = {
			isa = XCConfigurationList;
			buildConfigurations = (
				BD3A8BD11954564B0014E1A7 /* Debug */,
				BD3A8BD21954564B0014E1A7 /* Release */,
			);
			defaultConfigurationIsVisible = 0;
			defaultConfigurationName = Release;
		};
		BD3A8BD31954564B0014E1A7 /* Build configuration list for PBXNativeTarget "Exercise 9.5" */ = {
			isa = XCConfigurationList;
			buildConfigurations = (
				BD3A8BD41954564B0014E1A7 /* Debug */,
				BD3A8BD51954564B0014E1A7 /* Release */,
			);
			defaultConfigurationIsVisible = 0;
		};
/* End XCConfigurationList section */
	};
	rootObject = BD3A8BC41954564B0014E1A7 /* Project object */;
}
