// !$*UTF8*$!
{
	archiveVersion = 1;
	classes = {
	};
	objectVersion = 46;
	objects = {

/* Begin PBXBuildFile section */
		BD2D1C551998DE86009A9933 /* main.m in Sources */ = {isa = PBXBuildFile; fileRef = BD2D1C541998DE86009A9933 /* main.m */; };
		BD2D1C5D1998DEAA009A9933 /* Fraction.m in Sources */ = {isa = PBXBuildFile; fileRef = BD2D1C5C1998DEAA009A9933 /* Fraction.m */; };
		BD2D1C601998DF0C009A9933 /* Fraction+NSComparisonMethods.m in Sources */ = {isa = PBXBuildFile; fileRef = BD2D1C5F1998DF0C009A9933 /* Fraction+NSComparisonMethods.m */; };
		BD2D1C631998DF18009A9933 /* Fraction+MathOps.m in Sources */ = {isa = PBXBuildFile; fileRef = BD2D1C621998DF18009A9933 /* Fraction+MathOps.m */; };
/* End PBXBuildFile section */

/* Begin PBXCopyFilesBuildPhase section */
		BD2D1C4F1998DE86009A9933 /* CopyFiles */ = {
			isa = PBXCopyFilesBuildPhase;
			buildActionMask = 2147483647;
			dstPath = /usr/share/man/man1/;
			dstSubfolderSpec = 0;
			files = (
			);
			runOnlyForDeploymentPostprocessing = 1;
		};
/* End PBXCopyFilesBuildPhase section */

/* Begin PBXFileReference section */
		BD2D1C511998DE86009A9933 /* Exercise 15.07 */ = {isa = PBXFileReference; explicitFileType = "compiled.mach-o.executable"; includeInIndex = 0; path = "Exercise 15.07"; sourceTree = BUILT_PRODUCTS_DIR; };
		BD2D1C541998DE86009A9933 /* main.m */ = {isa = PBXFileReference; lastKnownFileType = sourcecode.c.objc; path = main.m; sourceTree = "<group>"; };
		BD2D1C5B1998DEAA009A9933 /* Fraction.h */ = {isa = PBXFileReference; fileEncoding = 4; lastKnownFileType = sourcecode.c.h; path = Fraction.h; sourceTree = "<group>"; };
		BD2D1C5C1998DEAA009A9933 /* Fraction.m */ = {isa = PBXFileReference; fileEncoding = 4; lastKnownFileType = sourcecode.c.objc; path = Fraction.m; sourceTree = "<group>"; };
		BD2D1C5E1998DF0C009A9933 /* Fraction+NSComparisonMethods.h */ = {isa = PBXFileReference; fileEncoding = 4; lastKnownFileType = sourcecode.c.h; path = "Fraction+NSComparisonMethods.h"; sourceTree = "<group>"; };
		BD2D1C5F1998DF0C009A9933 /* Fraction+NSComparisonMethods.m */ = {isa = PBXFileReference; fileEncoding = 4; lastKnownFileType = sourcecode.c.objc; path = "Fraction+NSComparisonMethods.m"; sourceTree = "<group>"; };
		BD2D1C611998DF18009A9933 /* Fraction+MathOps.h */ = {isa = PBXFileReference; fileEncoding = 4; lastKnownFileType = sourcecode.c.h; path = "Fraction+MathOps.h"; sourceTree = "<group>"; };
		BD2D1C621998DF18009A9933 /* Fraction+MathOps.m */ = {isa = PBXFileReference; fileEncoding = 4; lastKnownFileType = sourcecode.c.objc; path = "Fraction+MathOps.m"; sourceTree = "<group>"; };
/* End PBXFileReference section */

/* Begin PBXFrameworksBuildPhase section */
		BD2D1C4E1998DE86009A9933 /* Frameworks */ = {
			isa = PBXFrameworksBuildPhase;
			buildActionMask = 2147483647;
			files = (
			);
			runOnlyForDeploymentPostprocessing = 0;
		};
/* End PBXFrameworksBuildPhase section */

/* Begin PBXGroup section */
		BD2D1C481998DE86009A9933 = {
			isa = PBXGroup;
			children = (
				BD2D1C531998DE86009A9933 /* Exercise 15.07 */,
				BD2D1C521998DE86009A9933 /* Products */,
			);
			sourceTree = "<group>";
		};
		BD2D1C521998DE86009A9933 /* Products */ = {
			isa = PBXGroup;
			children = (
				BD2D1C511998DE86009A9933 /* Exercise 15.07 */,
			);
			name = Products;
			sourceTree = "<group>";
		};
		BD2D1C531998DE86009A9933 /* Exercise 15.07 */ = {
			isa = PBXGroup;
			children = (
				BD2D1C541998DE86009A9933 /* main.m */,
				BD2D1C5B1998DEAA009A9933 /* Fraction.h */,
				BD2D1C5C1998DEAA009A9933 /* Fraction.m */,
				BD2D1C5E1998DF0C009A9933 /* Fraction+NSComparisonMethods.h */,
				BD2D1C5F1998DF0C009A9933 /* Fraction+NSComparisonMethods.m */,
				BD2D1C611998DF18009A9933 /* Fraction+MathOps.h */,
				BD2D1C621998DF18009A9933 /* Fraction+MathOps.m */,
			);
			path = "Exercise 15.07";
			sourceTree = "<group>";
		};
/* End PBXGroup section */

/* Begin PBXNativeTarget section */
		BD2D1C501998DE86009A9933 /* Exercise 15.07 */ = {
			isa = PBXNativeTarget;
			buildConfigurationList = BD2D1C581998DE86009A9933 /* Build configuration list for PBXNativeTarget "Exercise 15.07" */;
			buildPhases = (
				BD2D1C4D1998DE86009A9933 /* Sources */,
				BD2D1C4E1998DE86009A9933 /* Frameworks */,
				BD2D1C4F1998DE86009A9933 /* CopyFiles */,
			);
			buildRules = (
			);
			dependencies = (
			);
			name = "Exercise 15.07";
			productName = "Exercise 15.07";
			productReference = BD2D1C511998DE86009A9933 /* Exercise 15.07 */;
			productType = "com.apple.product-type.tool";
		};
/* End PBXNativeTarget section */

/* Begin PBXProject section */
		BD2D1C491998DE86009A9933 /* Project object */ = {
			isa = PBXProject;
			attributes = {
				LastUpgradeCheck = 0600;
				ORGANIZATIONNAME = "Michał Listowski";
				TargetAttributes = {
					BD2D1C501998DE86009A9933 = {
						CreatedOnToolsVersion = 6.0;
					};
				};
			};
			buildConfigurationList = BD2D1C4C1998DE86009A9933 /* Build configuration list for PBXProject "Exercise 15.07" */;
			compatibilityVersion = "Xcode 3.2";
			developmentRegion = English;
			hasScannedForEncodings = 0;
			knownRegions = (
				en,
			);
			mainGroup = BD2D1C481998DE86009A9933;
			productRefGroup = BD2D1C521998DE86009A9933 /* Products */;
			projectDirPath = "";
			projectRoot = "";
			targets = (
				BD2D1C501998DE86009A9933 /* Exercise 15.07 */,
			);
		};
/* End PBXProject section */

/* Begin PBXSourcesBuildPhase section */
		BD2D1C4D1998DE86009A9933 /* Sources */ = {
			isa = PBXSourcesBuildPhase;
			buildActionMask = 2147483647;
			files = (
				BD2D1C551998DE86009A9933 /* main.m in Sources */,
				BD2D1C5D1998DEAA009A9933 /* Fraction.m in Sources */,
				BD2D1C631998DF18009A9933 /* Fraction+MathOps.m in Sources */,
				BD2D1C601998DF0C009A9933 /* Fraction+NSComparisonMethods.m in Sources */,
			);
			runOnlyForDeploymentPostprocessing = 0;
		};
/* End PBXSourcesBuildPhase section */

/* Begin XCBuildConfiguration section */
		BD2D1C561998DE86009A9933 /* Debug */ = {
			isa = XCBuildConfiguration;
			buildSettings = {
				ALWAYS_SEARCH_USER_PATHS = NO;
				CLANG_CXX_LANGUAGE_STANDARD = "gnu++0x";
				CLANG_CXX_LIBRARY = "libc++";
				CLANG_ENABLE_MODULES = YES;
				CLANG_ENABLE_OBJC_ARC = YES;
				CLANG_WARN_BOOL_CONVERSION = YES;
				CLANG_WARN_CONSTANT_CONVERSION = YES;
				CLANG_WARN_DIRECT_OBJC_ISA_USAGE = YES_ERROR;
				CLANG_WARN_EMPTY_BODY = YES;
				CLANG_WARN_ENUM_CONVERSION = YES;
				CLANG_WARN_INT_CONVERSION = YES;
				CLANG_WARN_OBJC_ROOT_CLASS = YES_ERROR;
				CLANG_WARN_UNREACHABLE_CODE = YES;
				CLANG_WARN__DUPLICATE_METHOD_MATCH = YES;
				COPY_PHASE_STRIP = NO;
				ENABLE_STRICT_OBJC_MSGSEND = YES;
				GCC_C_LANGUAGE_STANDARD = gnu99;
				GCC_DYNAMIC_NO_PIC = NO;
				GCC_OPTIMIZATION_LEVEL = 0;
				GCC_PREPROCESSOR_DEFINITIONS = (
					"DEBUG=1",
					"$(inherited)",
				);
				GCC_SYMBOLS_PRIVATE_EXTERN = NO;
				GCC_WARN_64_TO_32_BIT_CONVERSION = YES;
				GCC_WARN_ABOUT_RETURN_TYPE = YES_ERROR;
				GCC_WARN_UNDECLARED_SELECTOR = YES;
				GCC_WARN_UNINITIALIZED_AUTOS = YES_AGGRESSIVE;
				GCC_WARN_UNUSED_FUNCTION = YES;
				GCC_WARN_UNUSED_VARIABLE = YES;
				MACOSX_DEPLOYMENT_TARGET = 10.9;
				MTL_ENABLE_DEBUG_INFO = YES;
				ONLY_ACTIVE_ARCH = YES;
				SDKROOT = macosx;
			};
			name = Debug;
		};
		BD2D1C571998DE86009A9933 /* Release */ = {
			isa = XCBuildConfiguration;
			buildSettings = {
				ALWAYS_SEARCH_USER_PATHS = NO;
				CLANG_CXX_LANGUAGE_STANDARD = "gnu++0x";
				CLANG_CXX_LIBRARY = "libc++";
				CLANG_ENABLE_MODULES = YES;
				CLANG_ENABLE_OBJC_ARC = YES;
				CLANG_WARN_BOOL_CONVERSION = YES;
				CLANG_WARN_CONSTANT_CONVERSION = YES;
				CLANG_WARN_DIRECT_OBJC_ISA_USAGE = YES_ERROR;
				CLANG_WARN_EMPTY_BODY = YES;
				CLANG_WARN_ENUM_CONVERSION = YES;
				CLANG_WARN_INT_CONVERSION = YES;
				CLANG_WARN_OBJC_ROOT_CLASS = YES_ERROR;
				CLANG_WARN_UNREACHABLE_CODE = YES;
				CLANG_WARN__DUPLICATE_METHOD_MATCH = YES;
				COPY_PHASE_STRIP = YES;
				DEBUG_INFORMATION_FORMAT = "dwarf-with-dsym";
				ENABLE_NS_ASSERTIONS = NO;
				ENABLE_STRICT_OBJC_MSGSEND = YES;
				GCC_C_LANGUAGE_STANDARD = gnu99;
				GCC_WARN_64_TO_32_BIT_CONVERSION = YES;
				GCC_WARN_ABOUT_RETURN_TYPE = YES_ERROR;
				GCC_WARN_UNDECLARED_SELECTOR = YES;
				GCC_WARN_UNINITIALIZED_AUTOS = YES_AGGRESSIVE;
				GCC_WARN_UNUSED_FUNCTION = YES;
				GCC_WARN_UNUSED_VARIABLE = YES;
				MACOSX_DEPLOYMENT_TARGET = 10.9;
				MTL_ENABLE_DEBUG_INFO = NO;
				SDKROOT = macosx;
			};
			name = Release;
		};
		BD2D1C591998DE86009A9933 /* Debug */ = {
			isa = XCBuildConfiguration;
			buildSettings = {
				PRODUCT_NAME = "$(TARGET_NAME)";
			};
			name = Debug;
		};
		BD2D1C5A1998DE86009A9933 /* Release */ = {
			isa = XCBuildConfiguration;
			buildSettings = {
				PRODUCT_NAME = "$(TARGET_NAME)";
			};
			name = Release;
		};
/* End XCBuildConfiguration section */

/* Begin XCConfigurationList section */
		BD2D1C4C1998DE86009A9933 /* Build configuration list for PBXProject "Exercise 15.07" */ = {
			isa = XCConfigurationList;
			buildConfigurations = (
				BD2D1C561998DE86009A9933 /* Debug */,
				BD2D1C571998DE86009A9933 /* Release */,
			);
			defaultConfigurationIsVisible = 0;
			defaultConfigurationName = Release;
		};
		BD2D1C581998DE86009A9933 /* Build configuration list for PBXNativeTarget "Exercise 15.07" */ = {
			isa = XCConfigurationList;
			buildConfigurations = (
				BD2D1C591998DE86009A9933 /* Debug */,
				BD2D1C5A1998DE86009A9933 /* Release */,
			);
			defaultConfigurationIsVisible = 0;
		};
/* End XCConfigurationList section */
	};
	rootObject = BD2D1C491998DE86009A9933 /* Project object */;
}
